
Microsoft Visual Studio Solution File, Format Version 12.00
# Visual Studio Version 17
VisualStudioVersion = 17.9.34728.123
MinimumVisualStudioVersion = 10.0.40219.1
Project("{FAE04EC0-301F-11D3-BF4B-00C04F79EFBC}") = "FlightManager.Web", "FlightManager.Web\FlightManager.Web.csproj", "{8562D097-E9BA-4157-8085-A807A98E1363}"
EndProject
Project("{FAE04EC0-301F-11D3-BF4B-00C04F79EFBC}") = "FlightManager.Common", "FlightManager.Common\FlightManager.Common.csproj", "{D3D5B509-32CD-4E39-B68B-A7525B3E30A9}"
EndProject
Project("{FAE04EC0-301F-11D3-BF4B-00C04F79EFBC}") = "FlightManager.Data", "FlightManager.Data\FlightManager.Data.csproj", "{144DF35F-54A0-41A9-A7BE-C2DBD302DD0B}"
EndProject
Project("{FAE04EC0-301F-11D3-BF4B-00C04F79EFBC}") = "FlightManager.Services", "FlightManager.Services\FlightManager.Services.csproj", "{5D9FAAAF-B37D-4194-A20E-3FF0CA7706C0}"
EndProject
Project("{FAE04EC0-301F-11D3-BF4B-00C04F79EFBC}") = "FlightManager.VoewModels", "FlightManager.VoewModels\FlightManager.VoewModels.csproj", "{5E7AAFBF-C667-42F3-AE39-497D7F5E9320}"
EndProject
Global
	GlobalSection(SolutionConfigurationPlatforms) = preSolution
		Debug|Any CPU = Debug|Any CPU
		Release|Any CPU = Release|Any CPU
	EndGlobalSection
	GlobalSection(ProjectConfigurationPlatforms) = postSolution
		{8562D097-E9BA-4157-8085-A807A98E1363}.Debug|Any CPU.ActiveCfg = Debug|Any CPU
		{8562D097-E9BA-4157-8085-A807A98E1363}.Debug|Any CPU.Build.0 = Debug|Any CPU
		{8562D097-E9BA-4157-8085-A807A98E1363}.Release|Any CPU.ActiveCfg = Release|Any CPU
		{8562D097-E9BA-4157-8085-A807A98E1363}.Release|Any CPU.Build.0 = Release|Any CPU
		{D3D5B509-32CD-4E39-B68B-A7525B3E30A9}.Debug|Any CPU.ActiveCfg = Debug|Any CPU
		{D3D5B509-32CD-4E39-B68B-A7525B3E30A9}.Debug|Any CPU.Build.0 = Debug|Any CPU
		{D3D5B509-32CD-4E39-B68B-A7525B3E30A9}.Release|Any CPU.ActiveCfg = Release|Any CPU
		{D3D5B509-32CD-4E39-B68B-A7525B3E30A9}.Release|Any CPU.Build.0 = Release|Any CPU
		{144DF35F-54A0-41A9-A7BE-C2DBD302DD0B}.Debug|Any CPU.ActiveCfg = Debug|Any CPU
		{144DF35F-54A0-41A9-A7BE-C2DBD302DD0B}.Debug|Any CPU.Build.0 = Debug|Any CPU
		{144DF35F-54A0-41A9-A7BE-C2DBD302DD0B}.Release|Any CPU.ActiveCfg = Release|Any CPU
		{144DF35F-54A0-41A9-A7BE-C2DBD302DD0B}.Release|Any CPU.Build.0 = Release|Any CPU
		{5D9FAAAF-B37D-4194-A20E-3FF0CA7706C0}.Debug|Any CPU.ActiveCfg = Debug|Any CPU
		{5D9FAAAF-B37D-4194-A20E-3FF0CA7706C0}.Debug|Any CPU.Build.0 = Debug|Any CPU
		{5D9FAAAF-B37D-4194-A20E-3FF0CA7706C0}.Release|Any CPU.ActiveCfg = Release|Any CPU
		{5D9FAAAF-B37D-4194-A20E-3FF0CA7706C0}.Release|Any CPU.Build.0 = Release|Any CPU
		{5E7AAFBF-C667-42F3-AE39-497D7F5E9320}.Debug|Any CPU.ActiveCfg = Debug|Any CPU
		{5E7AAFBF-C667-42F3-AE39-497D7F5E9320}.Debug|Any CPU.Build.0 = Debug|Any CPU
		{5E7AAFBF-C667-42F3-AE39-497D7F5E9320}.Release|Any CPU.ActiveCfg = Release|Any CPU
		{5E7AAFBF-C667-42F3-AE39-497D7F5E9320}.Release|Any CPU.Build.0 = Release|Any CPU
	EndGlobalSection
	GlobalSection(SolutionProperties) = preSolution
		HideSolutionNode = FALSE
	EndGlobalSection
	GlobalSection(ExtensibilityGlobals) = postSolution
		SolutionGuid = {63B1DD6E-871C-400F-AE86-42E165E8B0DF}
	EndGlobalSection
EndGlobal
